// !$*UTF8*$!
{
	archiveVersion = 1;
	classes = {
	};
	objectVersion = 56;
	objects = {

/* Begin PBXBuildFile section */
		4B0ADA8028F61DB5006120DD /* GBRClientOrdersViewController.swift in Sources */ = {isa = PBXBuildFile; fileRef = 4B0ADA7F28F61DB5006120DD /* GBRClientOrdersViewController.swift */; };
		4B0ADA8228F61DE7006120DD /* GBRClientOrdersViewModel.swift in Sources */ = {isa = PBXBuildFile; fileRef = 4B0ADA8128F61DE7006120DD /* GBRClientOrdersViewModel.swift */; };
		4B4B300928F49BB7000B4176 /* GBRTablesViewController.swift in Sources */ = {isa = PBXBuildFile; fileRef = 4B4B300828F49BB7000B4176 /* GBRTablesViewController.swift */; };
		4B4B300B28F49BF4000B4176 /* GBRTablesViewModel.swift in Sources */ = {isa = PBXBuildFile; fileRef = 4B4B300A28F49BF4000B4176 /* GBRTablesViewModel.swift */; };
		4B4B300E28F49C12000B4176 /* GBRTablesRouter.swift in Sources */ = {isa = PBXBuildFile; fileRef = 4B4B300D28F49C12000B4176 /* GBRTablesRouter.swift */; };
		4B4B301028F49C1C000B4176 /* GBRTablesRouterProtocol.swift in Sources */ = {isa = PBXBuildFile; fileRef = 4B4B300F28F49C1C000B4176 /* GBRTablesRouterProtocol.swift */; };
		4B4B301428F49DFC000B4176 /* GBRTablesCollectionViewCell.swift in Sources */ = {isa = PBXBuildFile; fileRef = 4B4B301228F49DFC000B4176 /* GBRTablesCollectionViewCell.swift */; };
		4B4B301528F49DFC000B4176 /* GBRTablesCollectionViewCell.xib in Resources */ = {isa = PBXBuildFile; fileRef = 4B4B301328F49DFC000B4176 /* GBRTablesCollectionViewCell.xib */; };
		4B4B301728F4A28F000B4176 /* GBRTableModel.swift in Sources */ = {isa = PBXBuildFile; fileRef = 4B4B301628F4A28F000B4176 /* GBRTableModel.swift */; };
		4B4B301928F4D335000B4176 /* GBRUserModel.swift in Sources */ = {isa = PBXBuildFile; fileRef = 4B4B301828F4D335000B4176 /* GBRUserModel.swift */; };
		4B4B301D28F5F4D0000B4176 /* GBRTableClientsViewController.swift in Sources */ = {isa = PBXBuildFile; fileRef = 4B4B301C28F5F4D0000B4176 /* GBRTableClientsViewController.swift */; };
		4B4B301F28F5F4E3000B4176 /* GBRTableClientsViewModel.swift in Sources */ = {isa = PBXBuildFile; fileRef = 4B4B301E28F5F4E3000B4176 /* GBRTableClientsViewModel.swift */; };
		4B4B302328F5F86A000B4176 /* GBRTableClientTableViewCell.swift in Sources */ = {isa = PBXBuildFile; fileRef = 4B4B302128F5F86A000B4176 /* GBRTableClientTableViewCell.swift */; };
		4B4B302428F5F86A000B4176 /* GBRTableClientTableViewCell.xib in Resources */ = {isa = PBXBuildFile; fileRef = 4B4B302228F5F86A000B4176 /* GBRTableClientTableViewCell.xib */; };
		4B4B302628F5F9CB000B4176 /* UIImageExtensions.swift in Sources */ = {isa = PBXBuildFile; fileRef = 4B4B302528F5F9CB000B4176 /* UIImageExtensions.swift */; };
		4B4BAE9328EBC42A005F2B60 /* AppDelegate.swift in Sources */ = {isa = PBXBuildFile; fileRef = 4B4BAE9228EBC42A005F2B60 /* AppDelegate.swift */; };
		4B4BAE9A28EBC42A005F2B60 /* Main.storyboard in Resources */ = {isa = PBXBuildFile; fileRef = 4B4BAE9828EBC42A005F2B60 /* Main.storyboard */; };
		4B4BAE9C28EBC42C005F2B60 /* Assets.xcassets in Resources */ = {isa = PBXBuildFile; fileRef = 4B4BAE9B28EBC42C005F2B60 /* Assets.xcassets */; };
		4B4BAE9F28EBC42C005F2B60 /* LaunchScreen.storyboard in Resources */ = {isa = PBXBuildFile; fileRef = 4B4BAE9D28EBC42C005F2B60 /* LaunchScreen.storyboard */; };
		4B66885028ECAC71006F5C84 /* GoogleService-Info.plist in Resources */ = {isa = PBXBuildFile; fileRef = 4B66884F28ECAC71006F5C84 /* GoogleService-Info.plist */; };
		4B66885228ECAC8D006F5C84 /* ColorPallete.swift in Sources */ = {isa = PBXBuildFile; fileRef = 4B66885128ECAC8D006F5C84 /* ColorPallete.swift */; };
		4B66885428ECACB4006F5C84 /* Starter.swift in Sources */ = {isa = PBXBuildFile; fileRef = 4B66885328ECACB4006F5C84 /* Starter.swift */; };
		4B66886E28ECACE3006F5C84 /* EncodableExtension.swift in Sources */ = {isa = PBXBuildFile; fileRef = 4B66885628ECACE3006F5C84 /* EncodableExtension.swift */; };
		4B66886F28ECACE3006F5C84 /* UserDefaultsExtensions.swift in Sources */ = {isa = PBXBuildFile; fileRef = 4B66885728ECACE3006F5C84 /* UserDefaultsExtensions.swift */; };
		4B66887028ECACE3006F5C84 /* UIView+centerY.swift in Sources */ = {isa = PBXBuildFile; fileRef = 4B66885928ECACE3006F5C84 /* UIView+centerY.swift */; };
		4B66887128ECACE3006F5C84 /* UIView+centerX.swift in Sources */ = {isa = PBXBuildFile; fileRef = 4B66885A28ECACE3006F5C84 /* UIView+centerX.swift */; };
		4B66887228ECACE3006F5C84 /* UIView+bottom.swift in Sources */ = {isa = PBXBuildFile; fileRef = 4B66885B28ECACE3006F5C84 /* UIView+bottom.swift */; };
		4B66887328ECACE3006F5C84 /* UIView+height.swift in Sources */ = {isa = PBXBuildFile; fileRef = 4B66885C28ECACE3006F5C84 /* UIView+height.swift */; };
		4B66887428ECACE3006F5C84 /* UIView+trailing.swift in Sources */ = {isa = PBXBuildFile; fileRef = 4B66885D28ECACE3006F5C84 /* UIView+trailing.swift */; };
		4B66887528ECACE3006F5C84 /* UIView+top.swift in Sources */ = {isa = PBXBuildFile; fileRef = 4B66885E28ECACE3006F5C84 /* UIView+top.swift */; };
		4B66887628ECACE3006F5C84 /* UIView+add.swift in Sources */ = {isa = PBXBuildFile; fileRef = 4B66885F28ECACE3006F5C84 /* UIView+add.swift */; };
		4B66887728ECACE3006F5C84 /* UIView+leading.swift in Sources */ = {isa = PBXBuildFile; fileRef = 4B66886028ECACE3006F5C84 /* UIView+leading.swift */; };
		4B66887828ECACE3006F5C84 /* UIView+width.swift in Sources */ = {isa = PBXBuildFile; fileRef = 4B66886128ECACE3006F5C84 /* UIView+width.swift */; };
		4B66887928ECACE3006F5C84 /* UIView+padding.swift in Sources */ = {isa = PBXBuildFile; fileRef = 4B66886228ECACE3006F5C84 /* UIView+padding.swift */; };
		4B66887A28ECACE3006F5C84 /* StringExtensions.swift in Sources */ = {isa = PBXBuildFile; fileRef = 4B66886328ECACE3006F5C84 /* StringExtensions.swift */; };
		4B66887B28ECACE3006F5C84 /* DoubleExtensions.swift in Sources */ = {isa = PBXBuildFile; fileRef = 4B66886428ECACE3006F5C84 /* DoubleExtensions.swift */; };
		4B66887C28ECACE3006F5C84 /* UIViewExtensions.swift in Sources */ = {isa = PBXBuildFile; fileRef = 4B66886528ECACE3006F5C84 /* UIViewExtensions.swift */; };
		4B66887D28ECACE3006F5C84 /* UIImageViewExtensions.swift in Sources */ = {isa = PBXBuildFile; fileRef = 4B66886628ECACE3006F5C84 /* UIImageViewExtensions.swift */; };
		4B66887E28ECACE3006F5C84 /* DateExtension.swift in Sources */ = {isa = PBXBuildFile; fileRef = 4B66886728ECACE3006F5C84 /* DateExtension.swift */; };
		4B66887F28ECACE3006F5C84 /* Reactive+UIViewController.swift in Sources */ = {isa = PBXBuildFile; fileRef = 4B66886928ECACE3006F5C84 /* Reactive+UIViewController.swift */; };
		4B66888028ECACE3006F5C84 /* Reactive+UICollectionViewCell.swift in Sources */ = {isa = PBXBuildFile; fileRef = 4B66886A28ECACE3006F5C84 /* Reactive+UICollectionViewCell.swift */; };
		4B66888128ECACE3006F5C84 /* Reactive+UITableViewCell.swift in Sources */ = {isa = PBXBuildFile; fileRef = 4B66886B28ECACE3006F5C84 /* Reactive+UITableViewCell.swift */; };
		4B66888228ECACE3006F5C84 /* Reactive+FirestoreQuery.swift in Sources */ = {isa = PBXBuildFile; fileRef = 4B66886C28ECACE3006F5C84 /* Reactive+FirestoreQuery.swift */; };
		4B66888328ECACE3006F5C84 /* UIButton+Rx.swift in Sources */ = {isa = PBXBuildFile; fileRef = 4B66886D28ECACE3006F5C84 /* UIButton+Rx.swift */; };
		4B66888528ECAD36006F5C84 /* LoginRouter.swift in Sources */ = {isa = PBXBuildFile; fileRef = 4B66888428ECAD36006F5C84 /* LoginRouter.swift */; };
		4B66888828ECAD7F006F5C84 /* LoginRouterProtocol.swift in Sources */ = {isa = PBXBuildFile; fileRef = 4B66888728ECAD7E006F5C84 /* LoginRouterProtocol.swift */; };
		4B66888A28ECAEA1006F5C84 /* Login.storyboard in Resources */ = {isa = PBXBuildFile; fileRef = 4B66888928ECAEA1006F5C84 /* Login.storyboard */; };
		4B66888C28ECAF4E006F5C84 /* GBRLoginViewModel.swift in Sources */ = {isa = PBXBuildFile; fileRef = 4B66888B28ECAF4E006F5C84 /* GBRLoginViewModel.swift */; };
		4B66888E28ECAF5B006F5C84 /* GBRLoginViewController.swift in Sources */ = {isa = PBXBuildFile; fileRef = 4B66888D28ECAF5B006F5C84 /* GBRLoginViewController.swift */; };
		4B66889928ECAF90006F5C84 /* GrubChaserBaseViewModel.swift in Sources */ = {isa = PBXBuildFile; fileRef = 4B66889128ECAF90006F5C84 /* GrubChaserBaseViewModel.swift */; };
		4B66889A28ECAF90006F5C84 /* GrubChaserBaseViewController.swift in Sources */ = {isa = PBXBuildFile; fileRef = 4B66889228ECAF90006F5C84 /* GrubChaserBaseViewController.swift */; };
		4B66889B28ECAF90006F5C84 /* GrubChaserAlertableViewModel.swift in Sources */ = {isa = PBXBuildFile; fileRef = 4B66889428ECAF90006F5C84 /* GrubChaserAlertableViewModel.swift */; };
		4B66889C28ECAF90006F5C84 /* GrubChaserViewModelProtocol.swift in Sources */ = {isa = PBXBuildFile; fileRef = 4B66889528ECAF90006F5C84 /* GrubChaserViewModelProtocol.swift */; };
		4B66889D28ECAF90006F5C84 /* GrubChaserLoadableViewModel.swift in Sources */ = {isa = PBXBuildFile; fileRef = 4B66889628ECAF90006F5C84 /* GrubChaserLoadableViewModel.swift */; };
		4B66889E28ECAF90006F5C84 /* GrubChaserViewControllerProtocol.swift in Sources */ = {isa = PBXBuildFile; fileRef = 4B66889728ECAF90006F5C84 /* GrubChaserViewControllerProtocol.swift */; };
		4B66889F28ECAF90006F5C84 /* GrubChaserUIAlertView.swift in Sources */ = {isa = PBXBuildFile; fileRef = 4B66889828ECAF90006F5C84 /* GrubChaserUIAlertView.swift */; };
		4B6688A128ECB020006F5C84 /* GBRService.swift in Sources */ = {isa = PBXBuildFile; fileRef = 4B6688A028ECB020006F5C84 /* GBRService.swift */; };
		4B6688A328ECB04D006F5C84 /* GBRServiceProtocol.swift in Sources */ = {isa = PBXBuildFile; fileRef = 4B6688A228ECB04D006F5C84 /* GBRServiceProtocol.swift */; };
		4B6688A528ECB458006F5C84 /* GBRRestaurantModel.swift in Sources */ = {isa = PBXBuildFile; fileRef = 4B6688A428ECB458006F5C84 /* GBRRestaurantModel.swift */; };
		4B6688A728ECC801006F5C84 /* GBRRestaurantLoggedModel.swift in Sources */ = {isa = PBXBuildFile; fileRef = 4B6688A628ECC801006F5C84 /* GBRRestaurantLoggedModel.swift */; };
		4B6688A928ECC881006F5C84 /* GBRLoginModel.swift in Sources */ = {isa = PBXBuildFile; fileRef = 4B6688A828ECC881006F5C84 /* GBRLoginModel.swift */; };
		4B6688AC28EE4A72006F5C84 /* Orders.storyboard in Resources */ = {isa = PBXBuildFile; fileRef = 4B6688AB28EE4A72006F5C84 /* Orders.storyboard */; };
		4B6688B028EE4A9B006F5C84 /* Tables.storyboard in Resources */ = {isa = PBXBuildFile; fileRef = 4B6688AF28EE4A9B006F5C84 /* Tables.storyboard */; };
		4BE67F0728EF25370082F6FC /* GBROrdersViewModel.swift in Sources */ = {isa = PBXBuildFile; fileRef = 4BE67F0628EF25370082F6FC /* GBROrdersViewModel.swift */; };
		4BE67F0928EF25420082F6FC /* GBROrdersViewController.swift in Sources */ = {isa = PBXBuildFile; fileRef = 4BE67F0828EF25420082F6FC /* GBROrdersViewController.swift */; };
		4BE67F0C28EF25680082F6FC /* GBROrderRouter.swift in Sources */ = {isa = PBXBuildFile; fileRef = 4BE67F0B28EF25680082F6FC /* GBROrderRouter.swift */; };
		4BE67F0E28EF259D0082F6FC /* GBROrdersRouterProtocol.swift in Sources */ = {isa = PBXBuildFile; fileRef = 4BE67F0D28EF259D0082F6FC /* GBROrdersRouterProtocol.swift */; };
		4BE67F1228EF26C00082F6FC /* GBROrdersTableViewCell.swift in Sources */ = {isa = PBXBuildFile; fileRef = 4BE67F1028EF26C00082F6FC /* GBROrdersTableViewCell.swift */; };
		4BE67F1328EF26C00082F6FC /* GBROrdersTableViewCell.xib in Resources */ = {isa = PBXBuildFile; fileRef = 4BE67F1128EF26C00082F6FC /* GBROrdersTableViewCell.xib */; };
		4BE67F1728EF4BFB0082F6FC /* GBROrderModel.swift in Sources */ = {isa = PBXBuildFile; fileRef = 4BE67F1628EF4BFB0082F6FC /* GBROrderModel.swift */; };
		4BE67F1928EF4C2D0082F6FC /* GBRProductBag.swift in Sources */ = {isa = PBXBuildFile; fileRef = 4BE67F1828EF4C2D0082F6FC /* GBRProductBag.swift */; };
		4BE67F2A28F232ED0082F6FC /* chau-philomene-one.regular.ttf in Resources */ = {isa = PBXBuildFile; fileRef = 4BE67F2928F232ED0082F6FC /* chau-philomene-one.regular.ttf */; };
		4BE67F3528F37F210082F6FC /* GBROrderDetailViewController.swift in Sources */ = {isa = PBXBuildFile; fileRef = 4BE67F3428F37F210082F6FC /* GBROrderDetailViewController.swift */; };
		4BE67F3728F37F3D0082F6FC /* GBROrderDetailViewModel.swift in Sources */ = {isa = PBXBuildFile; fileRef = 4BE67F3628F37F3D0082F6FC /* GBROrderDetailViewModel.swift */; };
		4BE67F3B28F3834F0082F6FC /* GBROrderProductsTableViewCell.swift in Sources */ = {isa = PBXBuildFile; fileRef = 4BE67F3928F3834F0082F6FC /* GBROrderProductsTableViewCell.swift */; };
		4BE67F3C28F3834F0082F6FC /* GBROrderProductsTableViewCell.xib in Resources */ = {isa = PBXBuildFile; fileRef = 4BE67F3A28F3834F0082F6FC /* GBROrderProductsTableViewCell.xib */; };
		4BE67F3F28F3875B0082F6FC /* R.generated.swift in Sources */ = {isa = PBXBuildFile; fileRef = 4BE67F3E28F3875B0082F6FC /* R.generated.swift */; };
		4BF1BD8229036B0B00642EBE /* CallendarExtensions.swift in Sources */ = {isa = PBXBuildFile; fileRef = 4BF1BD8129036B0B00642EBE /* CallendarExtensions.swift */; };
		4BFCB507290338A500D6E385 /* GBRDashboardViewController.swift in Sources */ = {isa = PBXBuildFile; fileRef = 4BFCB506290338A400D6E385 /* GBRDashboardViewController.swift */; };
		4BFCB509290338C900D6E385 /* GBRDashboardViewModel.swift in Sources */ = {isa = PBXBuildFile; fileRef = 4BFCB508290338C900D6E385 /* GBRDashboardViewModel.swift */; };
		4BFCB50C290338ED00D6E385 /* GBRDashboardRouter.swift in Sources */ = {isa = PBXBuildFile; fileRef = 4BFCB50B290338ED00D6E385 /* GBRDashboardRouter.swift */; };
		4BFCB50E2903390500D6E385 /* GBRDashboardRouterProtocol.swift in Sources */ = {isa = PBXBuildFile; fileRef = 4BFCB50D2903390500D6E385 /* GBRDashboardRouterProtocol.swift */; };
		4BFCB510290339FE00D6E385 /* Dashboard.storyboard in Resources */ = {isa = PBXBuildFile; fileRef = 4BFCB50F290339FE00D6E385 /* Dashboard.storyboard */; };
		4BFCB51429033C6700D6E385 /* GBRDashboardCollectionViewCell.swift in Sources */ = {isa = PBXBuildFile; fileRef = 4BFCB51229033C6700D6E385 /* GBRDashboardCollectionViewCell.swift */; };
		4BFCB51529033C6700D6E385 /* GBRDashboardCollectionViewCell.xib in Resources */ = {isa = PBXBuildFile; fileRef = 4BFCB51329033C6700D6E385 /* GBRDashboardCollectionViewCell.xib */; };
		4BFCB5172903411600D6E385 /* GBRDashboardModel.swift in Sources */ = {isa = PBXBuildFile; fileRef = 4BFCB5162903411600D6E385 /* GBRDashboardModel.swift */; };
		6A5FD004C35E10076109CDBA /* Pods_GrubChaserRestaurant.framework in Frameworks */ = {isa = PBXBuildFile; fileRef = 731A4B58C9A3B6B46181F923 /* Pods_GrubChaserRestaurant.framework */; };
/* End PBXBuildFile section */

/* Begin PBXFileReference section */
		4B0ADA7F28F61DB5006120DD /* GBRClientOrdersViewController.swift */ = {isa = PBXFileReference; lastKnownFileType = sourcecode.swift; path = GBRClientOrdersViewController.swift; sourceTree = "<group>"; };
		4B0ADA8128F61DE7006120DD /* GBRClientOrdersViewModel.swift */ = {isa = PBXFileReference; lastKnownFileType = sourcecode.swift; path = GBRClientOrdersViewModel.swift; sourceTree = "<group>"; };
		4B4B300828F49BB7000B4176 /* GBRTablesViewController.swift */ = {isa = PBXFileReference; lastKnownFileType = sourcecode.swift; path = GBRTablesViewController.swift; sourceTree = "<group>"; };
		4B4B300A28F49BF4000B4176 /* GBRTablesViewModel.swift */ = {isa = PBXFileReference; lastKnownFileType = sourcecode.swift; path = GBRTablesViewModel.swift; sourceTree = "<group>"; };
		4B4B300D28F49C12000B4176 /* GBRTablesRouter.swift */ = {isa = PBXFileReference; lastKnownFileType = sourcecode.swift; path = GBRTablesRouter.swift; sourceTree = "<group>"; };
		4B4B300F28F49C1C000B4176 /* GBRTablesRouterProtocol.swift */ = {isa = PBXFileReference; lastKnownFileType = sourcecode.swift; path = GBRTablesRouterProtocol.swift; sourceTree = "<group>"; };
		4B4B301228F49DFC000B4176 /* GBRTablesCollectionViewCell.swift */ = {isa = PBXFileReference; lastKnownFileType = sourcecode.swift; path = GBRTablesCollectionViewCell.swift; sourceTree = "<group>"; };
		4B4B301328F49DFC000B4176 /* GBRTablesCollectionViewCell.xib */ = {isa = PBXFileReference; lastKnownFileType = file.xib; path = GBRTablesCollectionViewCell.xib; sourceTree = "<group>"; };
		4B4B301628F4A28F000B4176 /* GBRTableModel.swift */ = {isa = PBXFileReference; lastKnownFileType = sourcecode.swift; path = GBRTableModel.swift; sourceTree = "<group>"; };
		4B4B301828F4D335000B4176 /* GBRUserModel.swift */ = {isa = PBXFileReference; lastKnownFileType = sourcecode.swift; path = GBRUserModel.swift; sourceTree = "<group>"; };
		4B4B301C28F5F4D0000B4176 /* GBRTableClientsViewController.swift */ = {isa = PBXFileReference; lastKnownFileType = sourcecode.swift; path = GBRTableClientsViewController.swift; sourceTree = "<group>"; };
		4B4B301E28F5F4E3000B4176 /* GBRTableClientsViewModel.swift */ = {isa = PBXFileReference; lastKnownFileType = sourcecode.swift; path = GBRTableClientsViewModel.swift; sourceTree = "<group>"; };
		4B4B302128F5F86A000B4176 /* GBRTableClientTableViewCell.swift */ = {isa = PBXFileReference; lastKnownFileType = sourcecode.swift; path = GBRTableClientTableViewCell.swift; sourceTree = "<group>"; };
		4B4B302228F5F86A000B4176 /* GBRTableClientTableViewCell.xib */ = {isa = PBXFileReference; lastKnownFileType = file.xib; path = GBRTableClientTableViewCell.xib; sourceTree = "<group>"; };
		4B4B302528F5F9CB000B4176 /* UIImageExtensions.swift */ = {isa = PBXFileReference; lastKnownFileType = sourcecode.swift; path = UIImageExtensions.swift; sourceTree = "<group>"; };
		4B4BAE8F28EBC42A005F2B60 /* GrubChaserRestaurant.app */ = {isa = PBXFileReference; explicitFileType = wrapper.application; includeInIndex = 0; path = GrubChaserRestaurant.app; sourceTree = BUILT_PRODUCTS_DIR; };
		4B4BAE9228EBC42A005F2B60 /* AppDelegate.swift */ = {isa = PBXFileReference; lastKnownFileType = sourcecode.swift; path = AppDelegate.swift; sourceTree = "<group>"; };
		4B4BAE9928EBC42A005F2B60 /* Base */ = {isa = PBXFileReference; lastKnownFileType = file.storyboard; name = Base; path = Base.lproj/Main.storyboard; sourceTree = "<group>"; };
		4B4BAE9B28EBC42C005F2B60 /* Assets.xcassets */ = {isa = PBXFileReference; lastKnownFileType = folder.assetcatalog; path = Assets.xcassets; sourceTree = "<group>"; };
		4B4BAE9E28EBC42C005F2B60 /* Base */ = {isa = PBXFileReference; lastKnownFileType = file.storyboard; name = Base; path = Base.lproj/LaunchScreen.storyboard; sourceTree = "<group>"; };
		4B4BAEA028EBC42C005F2B60 /* Info.plist */ = {isa = PBXFileReference; lastKnownFileType = text.plist.xml; path = Info.plist; sourceTree = "<group>"; };
		4B66884F28ECAC71006F5C84 /* GoogleService-Info.plist */ = {isa = PBXFileReference; fileEncoding = 4; lastKnownFileType = text.plist.xml; path = "GoogleService-Info.plist"; sourceTree = "<group>"; };
		4B66885128ECAC8D006F5C84 /* ColorPallete.swift */ = {isa = PBXFileReference; lastKnownFileType = sourcecode.swift; path = ColorPallete.swift; sourceTree = "<group>"; };
		4B66885328ECACB4006F5C84 /* Starter.swift */ = {isa = PBXFileReference; lastKnownFileType = sourcecode.swift; path = Starter.swift; sourceTree = "<group>"; };
		4B66885628ECACE3006F5C84 /* EncodableExtension.swift */ = {isa = PBXFileReference; fileEncoding = 4; lastKnownFileType = sourcecode.swift; path = EncodableExtension.swift; sourceTree = "<group>"; };
		4B66885728ECACE3006F5C84 /* UserDefaultsExtensions.swift */ = {isa = PBXFileReference; fileEncoding = 4; lastKnownFileType = sourcecode.swift; path = UserDefaultsExtensions.swift; sourceTree = "<group>"; };
		4B66885928ECACE3006F5C84 /* UIView+centerY.swift */ = {isa = PBXFileReference; fileEncoding = 4; lastKnownFileType = sourcecode.swift; path = "UIView+centerY.swift"; sourceTree = "<group>"; };
		4B66885A28ECACE3006F5C84 /* UIView+centerX.swift */ = {isa = PBXFileReference; fileEncoding = 4; lastKnownFileType = sourcecode.swift; path = "UIView+centerX.swift"; sourceTree = "<group>"; };
		4B66885B28ECACE3006F5C84 /* UIView+bottom.swift */ = {isa = PBXFileReference; fileEncoding = 4; lastKnownFileType = sourcecode.swift; path = "UIView+bottom.swift"; sourceTree = "<group>"; };
		4B66885C28ECACE3006F5C84 /* UIView+height.swift */ = {isa = PBXFileReference; fileEncoding = 4; lastKnownFileType = sourcecode.swift; path = "UIView+height.swift"; sourceTree = "<group>"; };
		4B66885D28ECACE3006F5C84 /* UIView+trailing.swift */ = {isa = PBXFileReference; fileEncoding = 4; lastKnownFileType = sourcecode.swift; path = "UIView+trailing.swift"; sourceTree = "<group>"; };
		4B66885E28ECACE3006F5C84 /* UIView+top.swift */ = {isa = PBXFileReference; fileEncoding = 4; lastKnownFileType = sourcecode.swift; path = "UIView+top.swift"; sourceTree = "<group>"; };
		4B66885F28ECACE3006F5C84 /* UIView+add.swift */ = {isa = PBXFileReference; fileEncoding = 4; lastKnownFileType = sourcecode.swift; path = "UIView+add.swift"; sourceTree = "<group>"; };
		4B66886028ECACE3006F5C84 /* UIView+leading.swift */ = {isa = PBXFileReference; fileEncoding = 4; lastKnownFileType = sourcecode.swift; path = "UIView+leading.swift"; sourceTree = "<group>"; };
		4B66886128ECACE3006F5C84 /* UIView+width.swift */ = {isa = PBXFileReference; fileEncoding = 4; lastKnownFileType = sourcecode.swift; path = "UIView+width.swift"; sourceTree = "<group>"; };
		4B66886228ECACE3006F5C84 /* UIView+padding.swift */ = {isa = PBXFileReference; fileEncoding = 4; lastKnownFileType = sourcecode.swift; path = "UIView+padding.swift"; sourceTree = "<group>"; };
		4B66886328ECACE3006F5C84 /* StringExtensions.swift */ = {isa = PBXFileReference; fileEncoding = 4; lastKnownFileType = sourcecode.swift; path = StringExtensions.swift; sourceTree = "<group>"; };
		4B66886428ECACE3006F5C84 /* DoubleExtensions.swift */ = {isa = PBXFileReference; fileEncoding = 4; lastKnownFileType = sourcecode.swift; path = DoubleExtensions.swift; sourceTree = "<group>"; };
		4B66886528ECACE3006F5C84 /* UIViewExtensions.swift */ = {isa = PBXFileReference; fileEncoding = 4; lastKnownFileType = sourcecode.swift; path = UIViewExtensions.swift; sourceTree = "<group>"; };
		4B66886628ECACE3006F5C84 /* UIImageViewExtensions.swift */ = {isa = PBXFileReference; fileEncoding = 4; lastKnownFileType = sourcecode.swift; path = UIImageViewExtensions.swift; sourceTree = "<group>"; };
		4B66886728ECACE3006F5C84 /* DateExtension.swift */ = {isa = PBXFileReference; fileEncoding = 4; lastKnownFileType = sourcecode.swift; path = DateExtension.swift; sourceTree = "<group>"; };
		4B66886928ECACE3006F5C84 /* Reactive+UIViewController.swift */ = {isa = PBXFileReference; fileEncoding = 4; lastKnownFileType = sourcecode.swift; path = "Reactive+UIViewController.swift"; sourceTree = "<group>"; };
		4B66886A28ECACE3006F5C84 /* Reactive+UICollectionViewCell.swift */ = {isa = PBXFileReference; fileEncoding = 4; lastKnownFileType = sourcecode.swift; path = "Reactive+UICollectionViewCell.swift"; sourceTree = "<group>"; };
		4B66886B28ECACE3006F5C84 /* Reactive+UITableViewCell.swift */ = {isa = PBXFileReference; fileEncoding = 4; lastKnownFileType = sourcecode.swift; path = "Reactive+UITableViewCell.swift"; sourceTree = "<group>"; };
		4B66886C28ECACE3006F5C84 /* Reactive+FirestoreQuery.swift */ = {isa = PBXFileReference; fileEncoding = 4; lastKnownFileType = sourcecode.swift; path = "Reactive+FirestoreQuery.swift"; sourceTree = "<group>"; };
		4B66886D28ECACE3006F5C84 /* UIButton+Rx.swift */ = {isa = PBXFileReference; fileEncoding = 4; lastKnownFileType = sourcecode.swift; path = "UIButton+Rx.swift"; sourceTree = "<group>"; };
		4B66888428ECAD36006F5C84 /* LoginRouter.swift */ = {isa = PBXFileReference; lastKnownFileType = sourcecode.swift; path = LoginRouter.swift; sourceTree = "<group>"; };
		4B66888728ECAD7E006F5C84 /* LoginRouterProtocol.swift */ = {isa = PBXFileReference; lastKnownFileType = sourcecode.swift; path = LoginRouterProtocol.swift; sourceTree = "<group>"; };
		4B66888928ECAEA1006F5C84 /* Login.storyboard */ = {isa = PBXFileReference; lastKnownFileType = file.storyboard; path = Login.storyboard; sourceTree = "<group>"; };
		4B66888B28ECAF4E006F5C84 /* GBRLoginViewModel.swift */ = {isa = PBXFileReference; lastKnownFileType = sourcecode.swift; path = GBRLoginViewModel.swift; sourceTree = "<group>"; };
		4B66888D28ECAF5B006F5C84 /* GBRLoginViewController.swift */ = {isa = PBXFileReference; lastKnownFileType = sourcecode.swift; path = GBRLoginViewController.swift; sourceTree = "<group>"; };
		4B66889128ECAF90006F5C84 /* GrubChaserBaseViewModel.swift */ = {isa = PBXFileReference; fileEncoding = 4; lastKnownFileType = sourcecode.swift; path = GrubChaserBaseViewModel.swift; sourceTree = "<group>"; };
		4B66889228ECAF90006F5C84 /* GrubChaserBaseViewController.swift */ = {isa = PBXFileReference; fileEncoding = 4; lastKnownFileType = sourcecode.swift; path = GrubChaserBaseViewController.swift; sourceTree = "<group>"; };
		4B66889428ECAF90006F5C84 /* GrubChaserAlertableViewModel.swift */ = {isa = PBXFileReference; fileEncoding = 4; lastKnownFileType = sourcecode.swift; path = GrubChaserAlertableViewModel.swift; sourceTree = "<group>"; };
		4B66889528ECAF90006F5C84 /* GrubChaserViewModelProtocol.swift */ = {isa = PBXFileReference; fileEncoding = 4; lastKnownFileType = sourcecode.swift; path = GrubChaserViewModelProtocol.swift; sourceTree = "<group>"; };
		4B66889628ECAF90006F5C84 /* GrubChaserLoadableViewModel.swift */ = {isa = PBXFileReference; fileEncoding = 4; lastKnownFileType = sourcecode.swift; path = GrubChaserLoadableViewModel.swift; sourceTree = "<group>"; };
		4B66889728ECAF90006F5C84 /* GrubChaserViewControllerProtocol.swift */ = {isa = PBXFileReference; fileEncoding = 4; lastKnownFileType = sourcecode.swift; path = GrubChaserViewControllerProtocol.swift; sourceTree = "<group>"; };
		4B66889828ECAF90006F5C84 /* GrubChaserUIAlertView.swift */ = {isa = PBXFileReference; fileEncoding = 4; lastKnownFileType = sourcecode.swift; path = GrubChaserUIAlertView.swift; sourceTree = "<group>"; };
		4B6688A028ECB020006F5C84 /* GBRService.swift */ = {isa = PBXFileReference; lastKnownFileType = sourcecode.swift; path = GBRService.swift; sourceTree = "<group>"; };
		4B6688A228ECB04D006F5C84 /* GBRServiceProtocol.swift */ = {isa = PBXFileReference; lastKnownFileType = sourcecode.swift; path = GBRServiceProtocol.swift; sourceTree = "<group>"; };
		4B6688A428ECB458006F5C84 /* GBRRestaurantModel.swift */ = {isa = PBXFileReference; lastKnownFileType = sourcecode.swift; path = GBRRestaurantModel.swift; sourceTree = "<group>"; };
		4B6688A628ECC801006F5C84 /* GBRRestaurantLoggedModel.swift */ = {isa = PBXFileReference; lastKnownFileType = sourcecode.swift; path = GBRRestaurantLoggedModel.swift; sourceTree = "<group>"; };
		4B6688A828ECC881006F5C84 /* GBRLoginModel.swift */ = {isa = PBXFileReference; lastKnownFileType = sourcecode.swift; path = GBRLoginModel.swift; sourceTree = "<group>"; };
		4B6688AB28EE4A72006F5C84 /* Orders.storyboard */ = {isa = PBXFileReference; lastKnownFileType = file.storyboard; path = Orders.storyboard; sourceTree = "<group>"; };
		4B6688AF28EE4A9B006F5C84 /* Tables.storyboard */ = {isa = PBXFileReference; lastKnownFileType = file.storyboard; path = Tables.storyboard; sourceTree = "<group>"; };
		4BE67F0628EF25370082F6FC /* GBROrdersViewModel.swift */ = {isa = PBXFileReference; lastKnownFileType = sourcecode.swift; path = GBROrdersViewModel.swift; sourceTree = "<group>"; };
		4BE67F0828EF25420082F6FC /* GBROrdersViewController.swift */ = {isa = PBXFileReference; lastKnownFileType = sourcecode.swift; path = GBROrdersViewController.swift; sourceTree = "<group>"; };
		4BE67F0B28EF25680082F6FC /* GBROrderRouter.swift */ = {isa = PBXFileReference; lastKnownFileType = sourcecode.swift; path = GBROrderRouter.swift; sourceTree = "<group>"; };
		4BE67F0D28EF259D0082F6FC /* GBROrdersRouterProtocol.swift */ = {isa = PBXFileReference; lastKnownFileType = sourcecode.swift; path = GBROrdersRouterProtocol.swift; sourceTree = "<group>"; };
		4BE67F1028EF26C00082F6FC /* GBROrdersTableViewCell.swift */ = {isa = PBXFileReference; lastKnownFileType = sourcecode.swift; path = GBROrdersTableViewCell.swift; sourceTree = "<group>"; };
		4BE67F1128EF26C00082F6FC /* GBROrdersTableViewCell.xib */ = {isa = PBXFileReference; lastKnownFileType = file.xib; path = GBROrdersTableViewCell.xib; sourceTree = "<group>"; };
		4BE67F1628EF4BFB0082F6FC /* GBROrderModel.swift */ = {isa = PBXFileReference; lastKnownFileType = sourcecode.swift; path = GBROrderModel.swift; sourceTree = "<group>"; };
		4BE67F1828EF4C2D0082F6FC /* GBRProductBag.swift */ = {isa = PBXFileReference; lastKnownFileType = sourcecode.swift; path = GBRProductBag.swift; sourceTree = "<group>"; };
		4BE67F2928F232ED0082F6FC /* chau-philomene-one.regular.ttf */ = {isa = PBXFileReference; lastKnownFileType = file; path = "chau-philomene-one.regular.ttf"; sourceTree = "<group>"; };
		4BE67F3428F37F210082F6FC /* GBROrderDetailViewController.swift */ = {isa = PBXFileReference; lastKnownFileType = sourcecode.swift; path = GBROrderDetailViewController.swift; sourceTree = "<group>"; };
		4BE67F3628F37F3D0082F6FC /* GBROrderDetailViewModel.swift */ = {isa = PBXFileReference; lastKnownFileType = sourcecode.swift; path = GBROrderDetailViewModel.swift; sourceTree = "<group>"; };
		4BE67F3928F3834F0082F6FC /* GBROrderProductsTableViewCell.swift */ = {isa = PBXFileReference; lastKnownFileType = sourcecode.swift; path = GBROrderProductsTableViewCell.swift; sourceTree = "<group>"; };
		4BE67F3A28F3834F0082F6FC /* GBROrderProductsTableViewCell.xib */ = {isa = PBXFileReference; lastKnownFileType = file.xib; path = GBROrderProductsTableViewCell.xib; sourceTree = "<group>"; };
		4BE67F3E28F3875B0082F6FC /* R.generated.swift */ = {isa = PBXFileReference; fileEncoding = 4; lastKnownFileType = sourcecode.swift; path = R.generated.swift; sourceTree = "<group>"; };
		4BF1BD8129036B0B00642EBE /* CallendarExtensions.swift */ = {isa = PBXFileReference; lastKnownFileType = sourcecode.swift; path = CallendarExtensions.swift; sourceTree = "<group>"; };
		4BFCB506290338A400D6E385 /* GBRDashboardViewController.swift */ = {isa = PBXFileReference; lastKnownFileType = sourcecode.swift; path = GBRDashboardViewController.swift; sourceTree = "<group>"; };
		4BFCB508290338C900D6E385 /* GBRDashboardViewModel.swift */ = {isa = PBXFileReference; lastKnownFileType = sourcecode.swift; path = GBRDashboardViewModel.swift; sourceTree = "<group>"; };
		4BFCB50B290338ED00D6E385 /* GBRDashboardRouter.swift */ = {isa = PBXFileReference; lastKnownFileType = sourcecode.swift; path = GBRDashboardRouter.swift; sourceTree = "<group>"; };
		4BFCB50D2903390500D6E385 /* GBRDashboardRouterProtocol.swift */ = {isa = PBXFileReference; lastKnownFileType = sourcecode.swift; path = GBRDashboardRouterProtocol.swift; sourceTree = "<group>"; };
		4BFCB50F290339FE00D6E385 /* Dashboard.storyboard */ = {isa = PBXFileReference; lastKnownFileType = file.storyboard; path = Dashboard.storyboard; sourceTree = "<group>"; };
		4BFCB51229033C6700D6E385 /* GBRDashboardCollectionViewCell.swift */ = {isa = PBXFileReference; lastKnownFileType = sourcecode.swift; path = GBRDashboardCollectionViewCell.swift; sourceTree = "<group>"; };
		4BFCB51329033C6700D6E385 /* GBRDashboardCollectionViewCell.xib */ = {isa = PBXFileReference; lastKnownFileType = file.xib; path = GBRDashboardCollectionViewCell.xib; sourceTree = "<group>"; };
		4BFCB5162903411600D6E385 /* GBRDashboardModel.swift */ = {isa = PBXFileReference; lastKnownFileType = sourcecode.swift; path = GBRDashboardModel.swift; sourceTree = "<group>"; };
		731A4B58C9A3B6B46181F923 /* Pods_GrubChaserRestaurant.framework */ = {isa = PBXFileReference; explicitFileType = wrapper.framework; includeInIndex = 0; path = Pods_GrubChaserRestaurant.framework; sourceTree = BUILT_PRODUCTS_DIR; };
		9690ECF1CC13B38308FE71B4 /* Pods-GrubChaserRestaurant.release.xcconfig */ = {isa = PBXFileReference; includeInIndex = 1; lastKnownFileType = text.xcconfig; name = "Pods-GrubChaserRestaurant.release.xcconfig"; path = "Target Support Files/Pods-GrubChaserRestaurant/Pods-GrubChaserRestaurant.release.xcconfig"; sourceTree = "<group>"; };
		E1A450828824E0F7A63571D5 /* Pods-GrubChaserRestaurant.debug.xcconfig */ = {isa = PBXFileReference; includeInIndex = 1; lastKnownFileType = text.xcconfig; name = "Pods-GrubChaserRestaurant.debug.xcconfig"; path = "Target Support Files/Pods-GrubChaserRestaurant/Pods-GrubChaserRestaurant.debug.xcconfig"; sourceTree = "<group>"; };
/* End PBXFileReference section */

/* Begin PBXFrameworksBuildPhase section */
		4B4BAE8C28EBC42A005F2B60 /* Frameworks */ = {
			isa = PBXFrameworksBuildPhase;
			buildActionMask = 2147483647;
			files = (
				6A5FD004C35E10076109CDBA /* Pods_GrubChaserRestaurant.framework in Frameworks */,
			);
			runOnlyForDeploymentPostprocessing = 0;
		};
/* End PBXFrameworksBuildPhase section */

/* Begin PBXGroup section */
		2A3227CD10C2E2AF027F8ABD /* Pods */ = {
			isa = PBXGroup;
			children = (
				E1A450828824E0F7A63571D5 /* Pods-GrubChaserRestaurant.debug.xcconfig */,
				9690ECF1CC13B38308FE71B4 /* Pods-GrubChaserRestaurant.release.xcconfig */,
			);
			path = Pods;
			sourceTree = "<group>";
		};
		4B0ADA7D28F61D76006120DD /* Client Orders */ = {
			isa = PBXGroup;
			children = (
				4B0ADA7F28F61DB5006120DD /* GBRClientOrdersViewController.swift */,
				4B0ADA8128F61DE7006120DD /* GBRClientOrdersViewModel.swift */,
			);
			path = "Client Orders";
			sourceTree = "<group>";
		};
		4B0ADA7E28F61D93006120DD /* Clients */ = {
			isa = PBXGroup;
			children = (
				4B4B302028F5F84D000B4176 /* Cells */,
				4B4B301C28F5F4D0000B4176 /* GBRTableClientsViewController.swift */,
				4B4B301E28F5F4E3000B4176 /* GBRTableClientsViewModel.swift */,
			);
			path = Clients;
			sourceTree = "<group>";
		};
		4B4B300C28F49C05000B4176 /* Tables */ = {
			isa = PBXGroup;
			children = (
				4B4B300D28F49C12000B4176 /* GBRTablesRouter.swift */,
				4B4B300F28F49C1C000B4176 /* GBRTablesRouterProtocol.swift */,
			);
			path = Tables;
			sourceTree = "<group>";
		};
		4B4B301128F49DC3000B4176 /* Cells */ = {
			isa = PBXGroup;
			children = (
				4B4B301228F49DFC000B4176 /* GBRTablesCollectionViewCell.swift */,
				4B4B301328F49DFC000B4176 /* GBRTablesCollectionViewCell.xib */,
			);
			path = Cells;
			sourceTree = "<group>";
		};
		4B4B301A28F5ED7E000B4176 /* Tables collection */ = {
			isa = PBXGroup;
			children = (
				4B4B301128F49DC3000B4176 /* Cells */,
				4B4B300828F49BB7000B4176 /* GBRTablesViewController.swift */,
				4B4B300A28F49BF4000B4176 /* GBRTablesViewModel.swift */,
			);
			path = "Tables collection";
			sourceTree = "<group>";
		};
		4B4B301B28F5F457000B4176 /* Table Clients */ = {
			isa = PBXGroup;
			children = (
				4B0ADA7E28F61D93006120DD /* Clients */,
				4B0ADA7D28F61D76006120DD /* Client Orders */,
			);
			path = "Table Clients";
			sourceTree = "<group>";
		};
		4B4B302028F5F84D000B4176 /* Cells */ = {
			isa = PBXGroup;
			children = (
				4B4B302128F5F86A000B4176 /* GBRTableClientTableViewCell.swift */,
				4B4B302228F5F86A000B4176 /* GBRTableClientTableViewCell.xib */,
			);
			path = Cells;
			sourceTree = "<group>";
		};
		4B4BAE8628EBC42A005F2B60 = {
			isa = PBXGroup;
			children = (
				4B4BAE9128EBC42A005F2B60 /* GrubChaserRestaurant */,
				4B4BAE9028EBC42A005F2B60 /* Products */,
				2A3227CD10C2E2AF027F8ABD /* Pods */,
				927859E81644038519B667DE /* Frameworks */,
			);
			sourceTree = "<group>";
		};
		4B4BAE9028EBC42A005F2B60 /* Products */ = {
			isa = PBXGroup;
			children = (
				4B4BAE8F28EBC42A005F2B60 /* GrubChaserRestaurant.app */,
			);
			name = Products;
			sourceTree = "<group>";
		};
		4B4BAE9128EBC42A005F2B60 /* GrubChaserRestaurant */ = {
			isa = PBXGroup;
			children = (
				4BE67F2828F232CB0082F6FC /* Font */,
				4B4BAEAA28EBC4E6005F2B60 /* Resources */,
				4B66885528ECACE3006F5C84 /* Extensions */,
				4B66888F28ECAF90006F5C84 /* Components */,
				4B4BAEAB28EBC4EB005F2B60 /* Models */,
				4B4BAEAD28EBC550005F2B60 /* Router */,
				4B4BAEA628EBC462005F2B60 /* Service */,
				4B4BAEA728EBC467005F2B60 /* UI */,
				4B4BAE9228EBC42A005F2B60 /* AppDelegate.swift */,
				4B66884F28ECAC71006F5C84 /* GoogleService-Info.plist */,
				4B4BAE9D28EBC42C005F2B60 /* LaunchScreen.storyboard */,
				4B4BAEA028EBC42C005F2B60 /* Info.plist */,
			);
			path = GrubChaserRestaurant;
			sourceTree = "<group>";
		};
		4B4BAEA628EBC462005F2B60 /* Service */ = {
			isa = PBXGroup;
			children = (
				4B6688A028ECB020006F5C84 /* GBRService.swift */,
				4B6688A228ECB04D006F5C84 /* GBRServiceProtocol.swift */,
			);
			path = Service;
			sourceTree = "<group>";
		};
		4B4BAEA728EBC467005F2B60 /* UI */ = {
			isa = PBXGroup;
			children = (
				4B4BAEA928EBC4BD005F2B60 /* Login */,
				4B6688AA28EE4A25006F5C84 /* Main Tab */,
				4B6688AD28EE4A76006F5C84 /* Orders */,
				4B6688AE28EE4A82006F5C84 /* Tables */,
				4BFCB50529032FE900D6E385 /* Dashboard */,
			);
			path = UI;
			sourceTree = "<group>";
		};
		4B4BAEA928EBC4BD005F2B60 /* Login */ = {
			isa = PBXGroup;
			children = (
				4BE67F1A28EF7DEC0082F6FC /* Sign In */,
				4B66888928ECAEA1006F5C84 /* Login.storyboard */,
			);
			path = Login;
			sourceTree = "<group>";
		};
		4B4BAEAA28EBC4E6005F2B60 /* Resources */ = {
			isa = PBXGroup;
			children = (
				4BE67F3E28F3875B0082F6FC /* R.generated.swift */,
				4B4BAE9B28EBC42C005F2B60 /* Assets.xcassets */,
				4B66885128ECAC8D006F5C84 /* ColorPallete.swift */,
			);
			path = Resources;
			sourceTree = "<group>";
		};
		4B4BAEAB28EBC4EB005F2B60 /* Models */ = {
			isa = PBXGroup;
			children = (
				4B6688A428ECB458006F5C84 /* GBRRestaurantModel.swift */,
				4B6688A628ECC801006F5C84 /* GBRRestaurantLoggedModel.swift */,
				4B6688A828ECC881006F5C84 /* GBRLoginModel.swift */,
				4BE67F1628EF4BFB0082F6FC /* GBROrderModel.swift */,
				4BE67F1828EF4C2D0082F6FC /* GBRProductBag.swift */,
				4B4B301628F4A28F000B4176 /* GBRTableModel.swift */,
				4B4B301828F4D335000B4176 /* GBRUserModel.swift */,
				4BFCB5162903411600D6E385 /* GBRDashboardModel.swift */,
			);
			path = Models;
			sourceTree = "<group>";
		};
		4B4BAEAC28EBC547005F2B60 /* Starter */ = {
			isa = PBXGroup;
			children = (
				4B66885328ECACB4006F5C84 /* Starter.swift */,
			);
			path = Starter;
			sourceTree = "<group>";
		};
		4B4BAEAD28EBC550005F2B60 /* Router */ = {
			isa = PBXGroup;
			children = (
				4BFCB50A290338DD00D6E385 /* Dashboard */,
				4B4B300C28F49C05000B4176 /* Tables */,
				4BE67F0A28EF255C0082F6FC /* Orders */,
				4B66888628ECAD4F006F5C84 /* LoginRouter */,
				4B4BAEAC28EBC547005F2B60 /* Starter */,
			);
			path = Router;
			sourceTree = "<group>";
		};
		4B66885528ECACE3006F5C84 /* Extensions */ = {
			isa = PBXGroup;
			children = (
				4B66885628ECACE3006F5C84 /* EncodableExtension.swift */,
				4B66885728ECACE3006F5C84 /* UserDefaultsExtensions.swift */,
				4B66885828ECACE3006F5C84 /* UIKit+Constraints */,
				4B66886328ECACE3006F5C84 /* StringExtensions.swift */,
				4B66886428ECACE3006F5C84 /* DoubleExtensions.swift */,
				4B66886528ECACE3006F5C84 /* UIViewExtensions.swift */,
				4B66886628ECACE3006F5C84 /* UIImageViewExtensions.swift */,
				4B66886728ECACE3006F5C84 /* DateExtension.swift */,
				4B66886828ECACE3006F5C84 /* Rx */,
				4B4B302528F5F9CB000B4176 /* UIImageExtensions.swift */,
				4BF1BD8129036B0B00642EBE /* CallendarExtensions.swift */,
			);
			path = Extensions;
			sourceTree = "<group>";
		};
		4B66885828ECACE3006F5C84 /* UIKit+Constraints */ = {
			isa = PBXGroup;
			children = (
				4B66885928ECACE3006F5C84 /* UIView+centerY.swift */,
				4B66885A28ECACE3006F5C84 /* UIView+centerX.swift */,
				4B66885B28ECACE3006F5C84 /* UIView+bottom.swift */,
				4B66885C28ECACE3006F5C84 /* UIView+height.swift */,
				4B66885D28ECACE3006F5C84 /* UIView+trailing.swift */,
				4B66885E28ECACE3006F5C84 /* UIView+top.swift */,
				4B66885F28ECACE3006F5C84 /* UIView+add.swift */,
				4B66886028ECACE3006F5C84 /* UIView+leading.swift */,
				4B66886128ECACE3006F5C84 /* UIView+width.swift */,
				4B66886228ECACE3006F5C84 /* UIView+padding.swift */,
			);
			path = "UIKit+Constraints";
			sourceTree = "<group>";
		};
		4B66886828ECACE3006F5C84 /* Rx */ = {
			isa = PBXGroup;
			children = (
				4B66886928ECACE3006F5C84 /* Reactive+UIViewController.swift */,
				4B66886A28ECACE3006F5C84 /* Reactive+UICollectionViewCell.swift */,
				4B66886B28ECACE3006F5C84 /* Reactive+UITableViewCell.swift */,
				4B66886C28ECACE3006F5C84 /* Reactive+FirestoreQuery.swift */,
				4B66886D28ECACE3006F5C84 /* UIButton+Rx.swift */,
			);
			path = Rx;
			sourceTree = "<group>";
		};
		4B66888628ECAD4F006F5C84 /* LoginRouter */ = {
			isa = PBXGroup;
			children = (
				4B66888428ECAD36006F5C84 /* LoginRouter.swift */,
				4B66888728ECAD7E006F5C84 /* LoginRouterProtocol.swift */,
			);
			path = LoginRouter;
			sourceTree = "<group>";
		};
		4B66888F28ECAF90006F5C84 /* Components */ = {
			isa = PBXGroup;
			children = (
				4B66889028ECAF90006F5C84 /* Base Components */,
				4B66889828ECAF90006F5C84 /* GrubChaserUIAlertView.swift */,
			);
			path = Components;
			sourceTree = "<group>";
		};
		4B66889028ECAF90006F5C84 /* Base Components */ = {
			isa = PBXGroup;
			children = (
				4B66889128ECAF90006F5C84 /* GrubChaserBaseViewModel.swift */,
				4B66889228ECAF90006F5C84 /* GrubChaserBaseViewController.swift */,
				4B66889328ECAF90006F5C84 /* Protocols */,
			);
			path = "Base Components";
			sourceTree = "<group>";
		};
		4B66889328ECAF90006F5C84 /* Protocols */ = {
			isa = PBXGroup;
			children = (
				4B66889428ECAF90006F5C84 /* GrubChaserAlertableViewModel.swift */,
				4B66889528ECAF90006F5C84 /* GrubChaserViewModelProtocol.swift */,
				4B66889628ECAF90006F5C84 /* GrubChaserLoadableViewModel.swift */,
				4B66889728ECAF90006F5C84 /* GrubChaserViewControllerProtocol.swift */,
			);
			path = Protocols;
			sourceTree = "<group>";
		};
		4B6688AA28EE4A25006F5C84 /* Main Tab */ = {
			isa = PBXGroup;
			children = (
				4B4BAE9828EBC42A005F2B60 /* Main.storyboard */,
			);
			path = "Main Tab";
			sourceTree = "<group>";
		};
		4B6688AD28EE4A76006F5C84 /* Orders */ = {
			isa = PBXGroup;
			children = (
				4BE67F3328F37ED00082F6FC /* OrdersList */,
				4BE67F3228F37EBD0082F6FC /* Order Detail */,
				4B6688AB28EE4A72006F5C84 /* Orders.storyboard */,
			);
			path = Orders;
			sourceTree = "<group>";
		};
		4B6688AE28EE4A82006F5C84 /* Tables */ = {
			isa = PBXGroup;
			children = (
				4B4B301A28F5ED7E000B4176 /* Tables collection */,
				4B4B301B28F5F457000B4176 /* Table Clients */,
				4B6688AF28EE4A9B006F5C84 /* Tables.storyboard */,
			);
			path = Tables;
			sourceTree = "<group>";
		};
		4BE67F0A28EF255C0082F6FC /* Orders */ = {
			isa = PBXGroup;
			children = (
				4BE67F0B28EF25680082F6FC /* GBROrderRouter.swift */,
				4BE67F0D28EF259D0082F6FC /* GBROrdersRouterProtocol.swift */,
			);
			path = Orders;
			sourceTree = "<group>";
		};
		4BE67F0F28EF26A30082F6FC /* Cells */ = {
			isa = PBXGroup;
			children = (
				4BE67F1028EF26C00082F6FC /* GBROrdersTableViewCell.swift */,
				4BE67F1128EF26C00082F6FC /* GBROrdersTableViewCell.xib */,
			);
			path = Cells;
			sourceTree = "<group>";
		};
		4BE67F1A28EF7DEC0082F6FC /* Sign In */ = {
			isa = PBXGroup;
			children = (
				4B66888D28ECAF5B006F5C84 /* GBRLoginViewController.swift */,
				4B66888B28ECAF4E006F5C84 /* GBRLoginViewModel.swift */,
			);
			path = "Sign In";
			sourceTree = "<group>";
		};
		4BE67F2828F232CB0082F6FC /* Font */ = {
			isa = PBXGroup;
			children = (
				4BE67F2928F232ED0082F6FC /* chau-philomene-one.regular.ttf */,
			);
			path = Font;
			sourceTree = "<group>";
		};
		4BE67F3228F37EBD0082F6FC /* Order Detail */ = {
			isa = PBXGroup;
			children = (
				4BE67F3828F382000082F6FC /* Cells */,
				4BE67F3428F37F210082F6FC /* GBROrderDetailViewController.swift */,
				4BE67F3628F37F3D0082F6FC /* GBROrderDetailViewModel.swift */,
			);
			path = "Order Detail";
			sourceTree = "<group>";
		};
		4BE67F3328F37ED00082F6FC /* OrdersList */ = {
			isa = PBXGroup;
			children = (
				4BE67F0F28EF26A30082F6FC /* Cells */,
				4BE67F0828EF25420082F6FC /* GBROrdersViewController.swift */,
				4BE67F0628EF25370082F6FC /* GBROrdersViewModel.swift */,
			);
			path = OrdersList;
			sourceTree = "<group>";
		};
		4BE67F3828F382000082F6FC /* Cells */ = {
			isa = PBXGroup;
			children = (
				4BE67F3928F3834F0082F6FC /* GBROrderProductsTableViewCell.swift */,
				4BE67F3A28F3834F0082F6FC /* GBROrderProductsTableViewCell.xib */,
			);
			path = Cells;
			sourceTree = "<group>";
		};
		4BFCB50529032FE900D6E385 /* Dashboard */ = {
			isa = PBXGroup;
			children = (
				4BFCB51129033C4800D6E385 /* Cell */,
				4BFCB506290338A400D6E385 /* GBRDashboardViewController.swift */,
				4BFCB508290338C900D6E385 /* GBRDashboardViewModel.swift */,
				4BFCB50F290339FE00D6E385 /* Dashboard.storyboard */,
			);
			path = Dashboard;
			sourceTree = "<group>";
		};
		4BFCB50A290338DD00D6E385 /* Dashboard */ = {
			isa = PBXGroup;
			children = (
				4BFCB50B290338ED00D6E385 /* GBRDashboardRouter.swift */,
				4BFCB50D2903390500D6E385 /* GBRDashboardRouterProtocol.swift */,
			);
			path = Dashboard;
			sourceTree = "<group>";
		};
		4BFCB51129033C4800D6E385 /* Cell */ = {
			isa = PBXGroup;
			children = (
				4BFCB51229033C6700D6E385 /* GBRDashboardCollectionViewCell.swift */,
				4BFCB51329033C6700D6E385 /* GBRDashboardCollectionViewCell.xib */,
			);
			path = Cell;
			sourceTree = "<group>";
		};
		927859E81644038519B667DE /* Frameworks */ = {
			isa = PBXGroup;
			children = (
				731A4B58C9A3B6B46181F923 /* Pods_GrubChaserRestaurant.framework */,
			);
			name = Frameworks;
			sourceTree = "<group>";
		};
/* End PBXGroup section */

/* Begin PBXNativeTarget section */
		4B4BAE8E28EBC42A005F2B60 /* GrubChaserRestaurant */ = {
			isa = PBXNativeTarget;
			buildConfigurationList = 4B4BAEA328EBC42C005F2B60 /* Build configuration list for PBXNativeTarget "GrubChaserRestaurant" */;
			buildPhases = (
				010C7B120EB996117430AF40 /* [CP] Check Pods Manifest.lock */,
				4BE67F3D28F386D20082F6FC /* Run Script */,
				4B4BAE8B28EBC42A005F2B60 /* Sources */,
				4B4BAE8C28EBC42A005F2B60 /* Frameworks */,
				4B4BAE8D28EBC42A005F2B60 /* Resources */,
				46A973E1977B4912AB223D59 /* [CP] Embed Pods Frameworks */,
			);
			buildRules = (
			);
			dependencies = (
			);
			name = GrubChaserRestaurant;
			productName = GrubChaserRestaurant;
			productReference = 4B4BAE8F28EBC42A005F2B60 /* GrubChaserRestaurant.app */;
			productType = "com.apple.product-type.application";
		};
/* End PBXNativeTarget section */

/* Begin PBXProject section */
		4B4BAE8728EBC42A005F2B60 /* Project object */ = {
			isa = PBXProject;
			attributes = {
				BuildIndependentTargetsInParallel = 1;
				LastSwiftUpdateCheck = 1400;
				LastUpgradeCheck = 1400;
				TargetAttributes = {
					4B4BAE8E28EBC42A005F2B60 = {
						CreatedOnToolsVersion = 14.0;
					};
				};
			};
			buildConfigurationList = 4B4BAE8A28EBC42A005F2B60 /* Build configuration list for PBXProject "GrubChaserRestaurant" */;
			compatibilityVersion = "Xcode 14.0";
			developmentRegion = en;
			hasScannedForEncodings = 0;
			knownRegions = (
				en,
				Base,
			);
			mainGroup = 4B4BAE8628EBC42A005F2B60;
			productRefGroup = 4B4BAE9028EBC42A005F2B60 /* Products */;
			projectDirPath = "";
			projectRoot = "";
			targets = (
				4B4BAE8E28EBC42A005F2B60 /* GrubChaserRestaurant */,
			);
		};
/* End PBXProject section */

/* Begin PBXResourcesBuildPhase section */
		4B4BAE8D28EBC42A005F2B60 /* Resources */ = {
			isa = PBXResourcesBuildPhase;
			buildActionMask = 2147483647;
			files = (
				4BE67F1328EF26C00082F6FC /* GBROrdersTableViewCell.xib in Resources */,
				4B6688B028EE4A9B006F5C84 /* Tables.storyboard in Resources */,
				4B4BAE9F28EBC42C005F2B60 /* LaunchScreen.storyboard in Resources */,
				4B4B301528F49DFC000B4176 /* GBRTablesCollectionViewCell.xib in Resources */,
				4BFCB510290339FE00D6E385 /* Dashboard.storyboard in Resources */,
				4B6688AC28EE4A72006F5C84 /* Orders.storyboard in Resources */,
				4B4B302428F5F86A000B4176 /* GBRTableClientTableViewCell.xib in Resources */,
				4BE67F3C28F3834F0082F6FC /* GBROrderProductsTableViewCell.xib in Resources */,
				4B66885028ECAC71006F5C84 /* GoogleService-Info.plist in Resources */,
				4BFCB51529033C6700D6E385 /* GBRDashboardCollectionViewCell.xib in Resources */,
				4B4BAE9C28EBC42C005F2B60 /* Assets.xcassets in Resources */,
				4B66888A28ECAEA1006F5C84 /* Login.storyboard in Resources */,
				4BE67F2A28F232ED0082F6FC /* chau-philomene-one.regular.ttf in Resources */,
				4B4BAE9A28EBC42A005F2B60 /* Main.storyboard in Resources */,
			);
			runOnlyForDeploymentPostprocessing = 0;
		};
/* End PBXResourcesBuildPhase section */

/* Begin PBXShellScriptBuildPhase section */
		010C7B120EB996117430AF40 /* [CP] Check Pods Manifest.lock */ = {
			isa = PBXShellScriptBuildPhase;
			buildActionMask = 2147483647;
			files = (
			);
			inputFileListPaths = (
			);
			inputPaths = (
				"${PODS_PODFILE_DIR_PATH}/Podfile.lock",
				"${PODS_ROOT}/Manifest.lock",
			);
			name = "[CP] Check Pods Manifest.lock";
			outputFileListPaths = (
			);
			outputPaths = (
				"$(DERIVED_FILE_DIR)/Pods-GrubChaserRestaurant-checkManifestLockResult.txt",
			);
			runOnlyForDeploymentPostprocessing = 0;
			shellPath = /bin/sh;
			shellScript = "diff \"${PODS_PODFILE_DIR_PATH}/Podfile.lock\" \"${PODS_ROOT}/Manifest.lock\" > /dev/null\nif [ $? != 0 ] ; then\n    # print error to STDERR\n    echo \"error: The sandbox is not in sync with the Podfile.lock. Run 'pod install' or update your CocoaPods installation.\" >&2\n    exit 1\nfi\n# This output is used by Xcode 'outputs' to avoid re-running this script phase.\necho \"SUCCESS\" > \"${SCRIPT_OUTPUT_FILE_0}\"\n";
			showEnvVarsInLog = 0;
		};
		46A973E1977B4912AB223D59 /* [CP] Embed Pods Frameworks */ = {
			isa = PBXShellScriptBuildPhase;
			buildActionMask = 2147483647;
			files = (
			);
			inputFileListPaths = (
				"${PODS_ROOT}/Target Support Files/Pods-GrubChaserRestaurant/Pods-GrubChaserRestaurant-frameworks-${CONFIGURATION}-input-files.xcfilelist",
			);
			name = "[CP] Embed Pods Frameworks";
			outputFileListPaths = (
				"${PODS_ROOT}/Target Support Files/Pods-GrubChaserRestaurant/Pods-GrubChaserRestaurant-frameworks-${CONFIGURATION}-output-files.xcfilelist",
			);
			runOnlyForDeploymentPostprocessing = 0;
			shellPath = /bin/sh;
			shellScript = "\"${PODS_ROOT}/Target Support Files/Pods-GrubChaserRestaurant/Pods-GrubChaserRestaurant-frameworks.sh\"\n";
			showEnvVarsInLog = 0;
		};
		4BE67F3D28F386D20082F6FC /* Run Script */ = {
			isa = PBXShellScriptBuildPhase;
			alwaysOutOfDate = 1;
			buildActionMask = 2147483647;
			files = (
			);
			inputFileListPaths = (
			);
			inputPaths = (
			);
			name = "Run Script";
			outputFileListPaths = (
			);
			outputPaths = (
				$SRCROOT/GrubChaserRestaurant/Resources/R.generated.swift,
			);
			runOnlyForDeploymentPostprocessing = 0;
			shellPath = /bin/sh;
			shellScript = "\"$PODS_ROOT/R.swift/rswift\" generate \"$SRCROOT/GrubChaserRestaurant/Resources/R.generated.swift\"\n";
		};
/* End PBXShellScriptBuildPhase section */

/* Begin PBXSourcesBuildPhase section */
		4B4BAE8B28EBC42A005F2B60 /* Sources */ = {
			isa = PBXSourcesBuildPhase;
			buildActionMask = 2147483647;
			files = (
				4B6688A528ECB458006F5C84 /* GBRRestaurantModel.swift in Sources */,
				4B6688A928ECC881006F5C84 /* GBRLoginModel.swift in Sources */,
				4B4B301D28F5F4D0000B4176 /* GBRTableClientsViewController.swift in Sources */,
				4B4B300E28F49C12000B4176 /* GBRTablesRouter.swift in Sources */,
				4B66885228ECAC8D006F5C84 /* ColorPallete.swift in Sources */,
				4B66887E28ECACE3006F5C84 /* DateExtension.swift in Sources */,
				4BE67F1928EF4C2D0082F6FC /* GBRProductBag.swift in Sources */,
				4B66887328ECACE3006F5C84 /* UIView+height.swift in Sources */,
				4B66887628ECACE3006F5C84 /* UIView+add.swift in Sources */,
				4B4B302628F5F9CB000B4176 /* UIImageExtensions.swift in Sources */,
				4BE67F3528F37F210082F6FC /* GBROrderDetailViewController.swift in Sources */,
				4BFCB51429033C6700D6E385 /* GBRDashboardCollectionViewCell.swift in Sources */,
				4BFCB5172903411600D6E385 /* GBRDashboardModel.swift in Sources */,
				4B66889C28ECAF90006F5C84 /* GrubChaserViewModelProtocol.swift in Sources */,
				4BE67F0C28EF25680082F6FC /* GBROrderRouter.swift in Sources */,
				4B66888C28ECAF4E006F5C84 /* GBRLoginViewModel.swift in Sources */,
				4B66885428ECACB4006F5C84 /* Starter.swift in Sources */,
				4B66887B28ECACE3006F5C84 /* DoubleExtensions.swift in Sources */,
				4B66889E28ECAF90006F5C84 /* GrubChaserViewControllerProtocol.swift in Sources */,
				4B66886F28ECACE3006F5C84 /* UserDefaultsExtensions.swift in Sources */,
				4B66888028ECACE3006F5C84 /* Reactive+UICollectionViewCell.swift in Sources */,
				4B66888128ECACE3006F5C84 /* Reactive+UITableViewCell.swift in Sources */,
				4B66887828ECACE3006F5C84 /* UIView+width.swift in Sources */,
				4BE67F3728F37F3D0082F6FC /* GBROrderDetailViewModel.swift in Sources */,
				4BFCB50E2903390500D6E385 /* GBRDashboardRouterProtocol.swift in Sources */,
				4B0ADA8028F61DB5006120DD /* GBRClientOrdersViewController.swift in Sources */,
				4BFCB50C290338ED00D6E385 /* GBRDashboardRouter.swift in Sources */,
				4BE67F3F28F3875B0082F6FC /* R.generated.swift in Sources */,
				4B6688A328ECB04D006F5C84 /* GBRServiceProtocol.swift in Sources */,
				4B6688A728ECC801006F5C84 /* GBRRestaurantLoggedModel.swift in Sources */,
				4B66887F28ECACE3006F5C84 /* Reactive+UIViewController.swift in Sources */,
				4B4B302328F5F86A000B4176 /* GBRTableClientTableViewCell.swift in Sources */,
				4B4B300928F49BB7000B4176 /* GBRTablesViewController.swift in Sources */,
				4B66888828ECAD7F006F5C84 /* LoginRouterProtocol.swift in Sources */,
				4BE67F0928EF25420082F6FC /* GBROrdersViewController.swift in Sources */,
				4B66887128ECACE3006F5C84 /* UIView+centerX.swift in Sources */,
				4B66887428ECACE3006F5C84 /* UIView+trailing.swift in Sources */,
				4B66888528ECAD36006F5C84 /* LoginRouter.swift in Sources */,
				4B66889A28ECAF90006F5C84 /* GrubChaserBaseViewController.swift in Sources */,
				4B0ADA8228F61DE7006120DD /* GBRClientOrdersViewModel.swift in Sources */,
				4B66888228ECACE3006F5C84 /* Reactive+FirestoreQuery.swift in Sources */,
				4B66888E28ECAF5B006F5C84 /* GBRLoginViewController.swift in Sources */,
				4BF1BD8229036B0B00642EBE /* CallendarExtensions.swift in Sources */,
				4B4B301028F49C1C000B4176 /* GBRTablesRouterProtocol.swift in Sources */,
				4B66887C28ECACE3006F5C84 /* UIViewExtensions.swift in Sources */,
				4B4B300B28F49BF4000B4176 /* GBRTablesViewModel.swift in Sources */,
				4B66889B28ECAF90006F5C84 /* GrubChaserAlertableViewModel.swift in Sources */,
				4BFCB507290338A500D6E385 /* GBRDashboardViewController.swift in Sources */,
				4B4B301428F49DFC000B4176 /* GBRTablesCollectionViewCell.swift in Sources */,
				4B66887028ECACE3006F5C84 /* UIView+centerY.swift in Sources */,
				4BE67F1728EF4BFB0082F6FC /* GBROrderModel.swift in Sources */,
				4B4B301F28F5F4E3000B4176 /* GBRTableClientsViewModel.swift in Sources */,
				4BE67F3B28F3834F0082F6FC /* GBROrderProductsTableViewCell.swift in Sources */,
				4B66887928ECACE3006F5C84 /* UIView+padding.swift in Sources */,
				4BE67F0728EF25370082F6FC /* GBROrdersViewModel.swift in Sources */,
				4B66889D28ECAF90006F5C84 /* GrubChaserLoadableViewModel.swift in Sources */,
				4B66889F28ECAF90006F5C84 /* GrubChaserUIAlertView.swift in Sources */,
				4BFCB509290338C900D6E385 /* GBRDashboardViewModel.swift in Sources */,
				4B66886E28ECACE3006F5C84 /* EncodableExtension.swift in Sources */,
				4BE67F0E28EF259D0082F6FC /* GBROrdersRouterProtocol.swift in Sources */,
				4B66888328ECACE3006F5C84 /* UIButton+Rx.swift in Sources */,
				4B66887228ECACE3006F5C84 /* UIView+bottom.swift in Sources */,
				4B4B301928F4D335000B4176 /* GBRUserModel.swift in Sources */,
				4B66889928ECAF90006F5C84 /* GrubChaserBaseViewModel.swift in Sources */,
				4B66887728ECACE3006F5C84 /* UIView+leading.swift in Sources */,
				4B6688A128ECB020006F5C84 /* GBRService.swift in Sources */,
				4B4B301728F4A28F000B4176 /* GBRTableModel.swift in Sources */,
				4B66887528ECACE3006F5C84 /* UIView+top.swift in Sources */,
				4B4BAE9328EBC42A005F2B60 /* AppDelegate.swift in Sources */,
				4B66887D28ECACE3006F5C84 /* UIImageViewExtensions.swift in Sources */,
				4BE67F1228EF26C00082F6FC /* GBROrdersTableViewCell.swift in Sources */,
				4B66887A28ECACE3006F5C84 /* StringExtensions.swift in Sources */,
			);
			runOnlyForDeploymentPostprocessing = 0;
		};
/* End PBXSourcesBuildPhase section */

/* Begin PBXVariantGroup section */
		4B4BAE9828EBC42A005F2B60 /* Main.storyboard */ = {
			isa = PBXVariantGroup;
			children = (
				4B4BAE9928EBC42A005F2B60 /* Base */,
			);
			name = Main.storyboard;
			sourceTree = "<group>";
		};
		4B4BAE9D28EBC42C005F2B60 /* LaunchScreen.storyboard */ = {
			isa = PBXVariantGroup;
			children = (
				4B4BAE9E28EBC42C005F2B60 /* Base */,
			);
			name = LaunchScreen.storyboard;
			sourceTree = "<group>";
		};
/* End PBXVariantGroup section */

/* Begin XCBuildConfiguration section */
		4B4BAEA128EBC42C005F2B60 /* Debug */ = {
			isa = XCBuildConfiguration;
			buildSettings = {
				ALWAYS_SEARCH_USER_PATHS = NO;
				CLANG_ANALYZER_NONNULL = YES;
				CLANG_ANALYZER_NUMBER_OBJECT_CONVERSION = YES_AGGRESSIVE;
				CLANG_CXX_LANGUAGE_STANDARD = "gnu++20";
				CLANG_ENABLE_MODULES = YES;
				CLANG_ENABLE_OBJC_ARC = YES;
				CLANG_ENABLE_OBJC_WEAK = YES;
				CLANG_WARN_BLOCK_CAPTURE_AUTORELEASING = YES;
				CLANG_WARN_BOOL_CONVERSION = YES;
				CLANG_WARN_COMMA = YES;
				CLANG_WARN_CONSTANT_CONVERSION = YES;
				CLANG_WARN_DEPRECATED_OBJC_IMPLEMENTATIONS = YES;
				CLANG_WARN_DIRECT_OBJC_ISA_USAGE = YES_ERROR;
				CLANG_WARN_DOCUMENTATION_COMMENTS = YES;
				CLANG_WARN_EMPTY_BODY = YES;
				CLANG_WARN_ENUM_CONVERSION = YES;
				CLANG_WARN_INFINITE_RECURSION = YES;
				CLANG_WARN_INT_CONVERSION = YES;
				CLANG_WARN_NON_LITERAL_NULL_CONVERSION = YES;
				CLANG_WARN_OBJC_IMPLICIT_RETAIN_SELF = YES;
				CLANG_WARN_OBJC_LITERAL_CONVERSION = YES;
				CLANG_WARN_OBJC_ROOT_CLASS = YES_ERROR;
				CLANG_WARN_QUOTED_INCLUDE_IN_FRAMEWORK_HEADER = YES;
				CLANG_WARN_RANGE_LOOP_ANALYSIS = YES;
				CLANG_WARN_STRICT_PROTOTYPES = YES;
				CLANG_WARN_SUSPICIOUS_MOVE = YES;
				CLANG_WARN_UNGUARDED_AVAILABILITY = YES_AGGRESSIVE;
				CLANG_WARN_UNREACHABLE_CODE = YES;
				CLANG_WARN__DUPLICATE_METHOD_MATCH = YES;
				COPY_PHASE_STRIP = NO;
				DEBUG_INFORMATION_FORMAT = dwarf;
				ENABLE_STRICT_OBJC_MSGSEND = YES;
				ENABLE_TESTABILITY = YES;
				GCC_C_LANGUAGE_STANDARD = gnu11;
				GCC_DYNAMIC_NO_PIC = NO;
				GCC_NO_COMMON_BLOCKS = YES;
				GCC_OPTIMIZATION_LEVEL = 0;
				GCC_PREPROCESSOR_DEFINITIONS = (
					"DEBUG=1",
					"$(inherited)",
				);
				GCC_WARN_64_TO_32_BIT_CONVERSION = YES;
				GCC_WARN_ABOUT_RETURN_TYPE = YES_ERROR;
				GCC_WARN_UNDECLARED_SELECTOR = YES;
				GCC_WARN_UNINITIALIZED_AUTOS = YES_AGGRESSIVE;
				GCC_WARN_UNUSED_FUNCTION = YES;
				GCC_WARN_UNUSED_VARIABLE = YES;
				IPHONEOS_DEPLOYMENT_TARGET = 16.0;
				MTL_ENABLE_DEBUG_INFO = INCLUDE_SOURCE;
				MTL_FAST_MATH = YES;
				ONLY_ACTIVE_ARCH = YES;
				SDKROOT = iphoneos;
				SWIFT_ACTIVE_COMPILATION_CONDITIONS = DEBUG;
				SWIFT_OPTIMIZATION_LEVEL = "-Onone";
			};
			name = Debug;
		};
		4B4BAEA228EBC42C005F2B60 /* Release */ = {
			isa = XCBuildConfiguration;
			buildSettings = {
				ALWAYS_SEARCH_USER_PATHS = NO;
				CLANG_ANALYZER_NONNULL = YES;
				CLANG_ANALYZER_NUMBER_OBJECT_CONVERSION = YES_AGGRESSIVE;
				CLANG_CXX_LANGUAGE_STANDARD = "gnu++20";
				CLANG_ENABLE_MODULES = YES;
				CLANG_ENABLE_OBJC_ARC = YES;
				CLANG_ENABLE_OBJC_WEAK = YES;
				CLANG_WARN_BLOCK_CAPTURE_AUTORELEASING = YES;
				CLANG_WARN_BOOL_CONVERSION = YES;
				CLANG_WARN_COMMA = YES;
				CLANG_WARN_CONSTANT_CONVERSION = YES;
				CLANG_WARN_DEPRECATED_OBJC_IMPLEMENTATIONS = YES;
				CLANG_WARN_DIRECT_OBJC_ISA_USAGE = YES_ERROR;
				CLANG_WARN_DOCUMENTATION_COMMENTS = YES;
				CLANG_WARN_EMPTY_BODY = YES;
				CLANG_WARN_ENUM_CONVERSION = YES;
				CLANG_WARN_INFINITE_RECURSION = YES;
				CLANG_WARN_INT_CONVERSION = YES;
				CLANG_WARN_NON_LITERAL_NULL_CONVERSION = YES;
				CLANG_WARN_OBJC_IMPLICIT_RETAIN_SELF = YES;
				CLANG_WARN_OBJC_LITERAL_CONVERSION = YES;
				CLANG_WARN_OBJC_ROOT_CLASS = YES_ERROR;
				CLANG_WARN_QUOTED_INCLUDE_IN_FRAMEWORK_HEADER = YES;
				CLANG_WARN_RANGE_LOOP_ANALYSIS = YES;
				CLANG_WARN_STRICT_PROTOTYPES = YES;
				CLANG_WARN_SUSPICIOUS_MOVE = YES;
				CLANG_WARN_UNGUARDED_AVAILABILITY = YES_AGGRESSIVE;
				CLANG_WARN_UNREACHABLE_CODE = YES;
				CLANG_WARN__DUPLICATE_METHOD_MATCH = YES;
				COPY_PHASE_STRIP = NO;
				DEBUG_INFORMATION_FORMAT = "dwarf-with-dsym";
				ENABLE_NS_ASSERTIONS = NO;
				ENABLE_STRICT_OBJC_MSGSEND = YES;
				GCC_C_LANGUAGE_STANDARD = gnu11;
				GCC_NO_COMMON_BLOCKS = YES;
				GCC_WARN_64_TO_32_BIT_CONVERSION = YES;
				GCC_WARN_ABOUT_RETURN_TYPE = YES_ERROR;
				GCC_WARN_UNDECLARED_SELECTOR = YES;
				GCC_WARN_UNINITIALIZED_AUTOS = YES_AGGRESSIVE;
				GCC_WARN_UNUSED_FUNCTION = YES;
				GCC_WARN_UNUSED_VARIABLE = YES;
				IPHONEOS_DEPLOYMENT_TARGET = 16.0;
				MTL_ENABLE_DEBUG_INFO = NO;
				MTL_FAST_MATH = YES;
				SDKROOT = iphoneos;
				SWIFT_COMPILATION_MODE = wholemodule;
				SWIFT_OPTIMIZATION_LEVEL = "-O";
				VALIDATE_PRODUCT = YES;
			};
			name = Release;
		};
		4B4BAEA428EBC42C005F2B60 /* Debug */ = {
			isa = XCBuildConfiguration;
			baseConfigurationReference = E1A450828824E0F7A63571D5 /* Pods-GrubChaserRestaurant.debug.xcconfig */;
			buildSettings = {
				ASSETCATALOG_COMPILER_APPICON_NAME = AppIcon;
				ASSETCATALOG_COMPILER_GLOBAL_ACCENT_COLOR_NAME = AccentColor;
				CODE_SIGN_IDENTITY = "Apple Development";
				CODE_SIGN_STYLE = Automatic;
				CURRENT_PROJECT_VERSION = 1;
				DEVELOPMENT_TEAM = 455FFD62PL;
				GENERATE_INFOPLIST_FILE = YES;
				INFOPLIST_FILE = GrubChaserRestaurant/Info.plist;
				INFOPLIST_KEY_CFBundleDisplayName = "Grub Chaser Parceiro";
				INFOPLIST_KEY_LSApplicationCategoryType = "public.app-category.food-and-drink";
				INFOPLIST_KEY_UIApplicationSupportsIndirectInputEvents = YES;
				INFOPLIST_KEY_UILaunchStoryboardName = LaunchScreen;
				INFOPLIST_KEY_UIMainStoryboardFile = Main;
				INFOPLIST_KEY_UISupportedInterfaceOrientations_iPad = "UIInterfaceOrientationPortrait UIInterfaceOrientationPortraitUpsideDown UIInterfaceOrientationLandscapeLeft UIInterfaceOrientationLandscapeRight";
				INFOPLIST_KEY_UISupportedInterfaceOrientations_iPhone = "UIInterfaceOrientationPortrait UIInterfaceOrientationLandscapeLeft UIInterfaceOrientationLandscapeRight";
				IPHONEOS_DEPLOYMENT_TARGET = 15.4;
				LD_RUNPATH_SEARCH_PATHS = (
					"$(inherited)",
					"@executable_path/Frameworks",
				);
				MARKETING_VERSION = 1.0;
				OTHER_SWIFT_FLAGS = "-Xfrontend -debug-time-function-bodies";
				PRODUCT_BUNDLE_IDENTIFIER = com.br.GrubChaserRestaurant;
				PRODUCT_NAME = "$(TARGET_NAME)";
				PROVISIONING_PROFILE_SPECIFIER = "";
				SUPPORTED_PLATFORMS = "iphoneos iphonesimulator";
				SUPPORTS_MACCATALYST = NO;
				SUPPORTS_MAC_DESIGNED_FOR_IPHONE_IPAD = NO;
				SWIFT_EMIT_LOC_STRINGS = YES;
				SWIFT_VERSION = 5.0;
				TARGETED_DEVICE_FAMILY = 1;
			};
			name = Debug;
		};
		4B4BAEA528EBC42C005F2B60 /* Release */ = {
			isa = XCBuildConfiguration;
			baseConfigurationReference = 9690ECF1CC13B38308FE71B4 /* Pods-GrubChaserRestaurant.release.xcconfig */;
			buildSettings = {
				ASSETCATALOG_COMPILER_APPICON_NAME = AppIcon;
				ASSETCATALOG_COMPILER_GLOBAL_ACCENT_COLOR_NAME = AccentColor;
				CODE_SIGN_IDENTITY = "Apple Development";
				CODE_SIGN_STYLE = Automatic;
				CURRENT_PROJECT_VERSION = 1;
				DEVELOPMENT_TEAM = 455FFD62PL;
				GENERATE_INFOPLIST_FILE = YES;
				INFOPLIST_FILE = GrubChaserRestaurant/Info.plist;
				INFOPLIST_KEY_CFBundleDisplayName = "Grub Chaser Parceiro";
				INFOPLIST_KEY_LSApplicationCategoryType = "public.app-category.food-and-drink";
				INFOPLIST_KEY_UIApplicationSupportsIndirectInputEvents = YES;
				INFOPLIST_KEY_UILaunchStoryboardName = LaunchScreen;
				INFOPLIST_KEY_UIMainStoryboardFile = Main;
				INFOPLIST_KEY_UISupportedInterfaceOrientations_iPad = "UIInterfaceOrientationPortrait UIInterfaceOrientationPortraitUpsideDown UIInterfaceOrientationLandscapeLeft UIInterfaceOrientationLandscapeRight";
				INFOPLIST_KEY_UISupportedInterfaceOrientations_iPhone = "UIInterfaceOrientationPortrait UIInterfaceOrientationLandscapeLeft UIInterfaceOrientationLandscapeRight";
				IPHONEOS_DEPLOYMENT_TARGET = 15.4;
				LD_RUNPATH_SEARCH_PATHS = (
					"$(inherited)",
					"@executable_path/Frameworks",
				);
				MARKETING_VERSION = 1.0;
				OTHER_SWIFT_FLAGS = "-Xfrontend -debug-time-function-bodies";
				PRODUCT_BUNDLE_IDENTIFIER = com.br.GrubChaserRestaurant;
				PRODUCT_NAME = "$(TARGET_NAME)";
				PROVISIONING_PROFILE_SPECIFIER = "";
				SUPPORTED_PLATFORMS = "iphoneos iphonesimulator";
				SUPPORTS_MACCATALYST = NO;
				SUPPORTS_MAC_DESIGNED_FOR_IPHONE_IPAD = NO;
				SWIFT_EMIT_LOC_STRINGS = YES;
				SWIFT_VERSION = 5.0;
				TARGETED_DEVICE_FAMILY = 1;
			};
			name = Release;
		};
/* End XCBuildConfiguration section */

/* Begin XCConfigurationList section */
		4B4BAE8A28EBC42A005F2B60 /* Build configuration list for PBXProject "GrubChaserRestaurant" */ = {
			isa = XCConfigurationList;
			buildConfigurations = (
				4B4BAEA128EBC42C005F2B60 /* Debug */,
				4B4BAEA228EBC42C005F2B60 /* Release */,
			);
			defaultConfigurationIsVisible = 0;
			defaultConfigurationName = Release;
		};
		4B4BAEA328EBC42C005F2B60 /* Build configuration list for PBXNativeTarget "GrubChaserRestaurant" */ = {
			isa = XCConfigurationList;
			buildConfigurations = (
				4B4BAEA428EBC42C005F2B60 /* Debug */,
				4B4BAEA528EBC42C005F2B60 /* Release */,
			);
			defaultConfigurationIsVisible = 0;
			defaultConfigurationName = Release;
		};
/* End XCConfigurationList section */
	};
	rootObject = 4B4BAE8728EBC42A005F2B60 /* Project object */;
}
